// !$*UTF8*$!
{
	archiveVersion = 1;
	classes = {
	};
	objectVersion = 56;
	objects = {

/* Begin PBXBuildFile section */
		B707D42A2BF3D563005F57C7 /* AppDelegate.swift in Sources */ = {isa = PBXBuildFile; fileRef = B707D4292BF3D563005F57C7 /* AppDelegate.swift */; };
		B707D42C2BF3D563005F57C7 /* SceneDelegate.swift in Sources */ = {isa = PBXBuildFile; fileRef = B707D42B2BF3D563005F57C7 /* SceneDelegate.swift */; };
		B707D4312BF3D563005F57C7 /* Base in Resources */ = {isa = PBXBuildFile; fileRef = B707D4302BF3D563005F57C7 /* Base */; };
		B707D4332BF3D564005F57C7 /* Assets.xcassets in Resources */ = {isa = PBXBuildFile; fileRef = B707D4322BF3D564005F57C7 /* Assets.xcassets */; };
		B707D4362BF3D564005F57C7 /* Base in Resources */ = {isa = PBXBuildFile; fileRef = B707D4352BF3D564005F57C7 /* Base */; };
		B707D4412BF3D564005F57C7 /* iQuizTests.swift in Sources */ = {isa = PBXBuildFile; fileRef = B707D4402BF3D564005F57C7 /* iQuizTests.swift */; };
		B707D44B2BF3D564005F57C7 /* iQuizUITests.swift in Sources */ = {isa = PBXBuildFile; fileRef = B707D44A2BF3D564005F57C7 /* iQuizUITests.swift */; };
		B707D44D2BF3D564005F57C7 /* iQuizUITestsLaunchTests.swift in Sources */ = {isa = PBXBuildFile; fileRef = B707D44C2BF3D564005F57C7 /* iQuizUITestsLaunchTests.swift */; };
		B78A4D452BF3F7F600D82CB6 /* NetworkManager.swift in Sources */ = {isa = PBXBuildFile; fileRef = B78A4D442BF3F7F600D82CB6 /* NetworkManager.swift */; };
		B78A4D472BF3F82900D82CB6 /* QuizListViewController.swift in Sources */ = {isa = PBXBuildFile; fileRef = B78A4D462BF3F82900D82CB6 /* QuizListViewController.swift */; };
		B78A4D492BF3F85700D82CB6 /* QuizDetailViewController.swift in Sources */ = {isa = PBXBuildFile; fileRef = B78A4D482BF3F85700D82CB6 /* QuizDetailViewController.swift */; };
		B78A4D4B2BF3F87B00D82CB6 /* AnswerViewController.swift in Sources */ = {isa = PBXBuildFile; fileRef = B78A4D4A2BF3F87B00D82CB6 /* AnswerViewController.swift */; };
		B78A4D4D2BF3FF6C00D82CB6 /* Models.swift in Sources */ = {isa = PBXBuildFile; fileRef = B78A4D4C2BF3FF6C00D82CB6 /* Models.swift */; };
		B78A4D4F2BF3FFCD00D82CB6 /* QuestionViewController.swift in Sources */ = {isa = PBXBuildFile; fileRef = B78A4D4E2BF3FFCD00D82CB6 /* QuestionViewController.swift */; };
		B78A4D512BF4028200D82CB6 /* FinishViewController.swift in Sources */ = {isa = PBXBuildFile; fileRef = B78A4D502BF4028200D82CB6 /* FinishViewController.swift */; };
/* End PBXBuildFile section */

/* Begin PBXContainerItemProxy section */
		B707D43D2BF3D564005F57C7 /* PBXContainerItemProxy */ = {
			isa = PBXContainerItemProxy;
			containerPortal = B707D41E2BF3D563005F57C7 /* Project object */;
			proxyType = 1;
			remoteGlobalIDString = B707D4252BF3D563005F57C7;
			remoteInfo = iQuiz;
		};
		B707D4472BF3D564005F57C7 /* PBXContainerItemProxy */ = {
			isa = PBXContainerItemProxy;
			containerPortal = B707D41E2BF3D563005F57C7 /* Project object */;
			proxyType = 1;
			remoteGlobalIDString = B707D4252BF3D563005F57C7;
			remoteInfo = iQuiz;
		};
/* End PBXContainerItemProxy section */

/* Begin PBXFileReference section */
		B707D4262BF3D563005F57C7 /* iQuiz.app */ = {isa = PBXFileReference; explicitFileType = wrapper.application; includeInIndex = 0; path = iQuiz.app; sourceTree = BUILT_PRODUCTS_DIR; };
		B707D4292BF3D563005F57C7 /* AppDelegate.swift */ = {isa = PBXFileReference; lastKnownFileType = sourcecode.swift; path = AppDelegate.swift; sourceTree = "<group>"; };
		B707D42B2BF3D563005F57C7 /* SceneDelegate.swift */ = {isa = PBXFileReference; lastKnownFileType = sourcecode.swift; path = SceneDelegate.swift; sourceTree = "<group>"; };
		B707D4302BF3D563005F57C7 /* Base */ = {isa = PBXFileReference; lastKnownFileType = file.storyboard; name = Base; path = Base.lproj/Main.storyboard; sourceTree = "<group>"; };
		B707D4322BF3D564005F57C7 /* Assets.xcassets */ = {isa = PBXFileReference; lastKnownFileType = folder.assetcatalog; path = Assets.xcassets; sourceTree = "<group>"; };
		B707D4352BF3D564005F57C7 /* Base */ = {isa = PBXFileReference; lastKnownFileType = file.storyboard; name = Base; path = Base.lproj/LaunchScreen.storyboard; sourceTree = "<group>"; };
		B707D4372BF3D564005F57C7 /* Info.plist */ = {isa = PBXFileReference; lastKnownFileType = text.plist.xml; path = Info.plist; sourceTree = "<group>"; };
		B707D43C2BF3D564005F57C7 /* iQuizTests.xctest */ = {isa = PBXFileReference; explicitFileType = wrapper.cfbundle; includeInIndex = 0; path = iQuizTests.xctest; sourceTree = BUILT_PRODUCTS_DIR; };
		B707D4402BF3D564005F57C7 /* iQuizTests.swift */ = {isa = PBXFileReference; lastKnownFileType = sourcecode.swift; path = iQuizTests.swift; sourceTree = "<group>"; };
		B707D4462BF3D564005F57C7 /* iQuizUITests.xctest */ = {isa = PBXFileReference; explicitFileType = wrapper.cfbundle; includeInIndex = 0; path = iQuizUITests.xctest; sourceTree = BUILT_PRODUCTS_DIR; };
		B707D44A2BF3D564005F57C7 /* iQuizUITests.swift */ = {isa = PBXFileReference; lastKnownFileType = sourcecode.swift; path = iQuizUITests.swift; sourceTree = "<group>"; };
		B707D44C2BF3D564005F57C7 /* iQuizUITestsLaunchTests.swift */ = {isa = PBXFileReference; lastKnownFileType = sourcecode.swift; path = iQuizUITestsLaunchTests.swift; sourceTree = "<group>"; };
		B78A4D442BF3F7F600D82CB6 /* NetworkManager.swift */ = {isa = PBXFileReference; lastKnownFileType = sourcecode.swift; path = NetworkManager.swift; sourceTree = "<group>"; };
		B78A4D462BF3F82900D82CB6 /* QuizListViewController.swift */ = {isa = PBXFileReference; lastKnownFileType = sourcecode.swift; path = QuizListViewController.swift; sourceTree = "<group>"; };
		B78A4D482BF3F85700D82CB6 /* QuizDetailViewController.swift */ = {isa = PBXFileReference; lastKnownFileType = sourcecode.swift; path = QuizDetailViewController.swift; sourceTree = "<group>"; };
		B78A4D4A2BF3F87B00D82CB6 /* AnswerViewController.swift */ = {isa = PBXFileReference; lastKnownFileType = sourcecode.swift; path = AnswerViewController.swift; sourceTree = "<group>"; };
		B78A4D4C2BF3FF6C00D82CB6 /* Models.swift */ = {isa = PBXFileReference; lastKnownFileType = sourcecode.swift; path = Models.swift; sourceTree = "<group>"; };
		B78A4D4E2BF3FFCD00D82CB6 /* QuestionViewController.swift */ = {isa = PBXFileReference; lastKnownFileType = sourcecode.swift; path = QuestionViewController.swift; sourceTree = "<group>"; };
		B78A4D502BF4028200D82CB6 /* FinishViewController.swift */ = {isa = PBXFileReference; lastKnownFileType = sourcecode.swift; path = FinishViewController.swift; sourceTree = "<group>"; };
/* End PBXFileReference section */

/* Begin PBXFrameworksBuildPhase section */
		B707D4232BF3D563005F57C7 /* Frameworks */ = {
			isa = PBXFrameworksBuildPhase;
			buildActionMask = 2147483647;
			files = (
			);
			runOnlyForDeploymentPostprocessing = 0;
		};
		B707D4392BF3D564005F57C7 /* Frameworks */ = {
			isa = PBXFrameworksBuildPhase;
			buildActionMask = 2147483647;
			files = (
			);
			runOnlyForDeploymentPostprocessing = 0;
		};
		B707D4432BF3D564005F57C7 /* Frameworks */ = {
			isa = PBXFrameworksBuildPhase;
			buildActionMask = 2147483647;
			files = (
			);
			runOnlyForDeploymentPostprocessing = 0;
		};
/* End PBXFrameworksBuildPhase section */

/* Begin PBXGroup section */
		B707D41D2BF3D563005F57C7 = {
			isa = PBXGroup;
			children = (
				B707D4282BF3D563005F57C7 /* iQuiz */,
				B707D43F2BF3D564005F57C7 /* iQuizTests */,
				B707D4492BF3D564005F57C7 /* iQuizUITests */,
				B707D4272BF3D563005F57C7 /* Products */,
			);
			sourceTree = "<group>";
		};
		B707D4272BF3D563005F57C7 /* Products */ = {
			isa = PBXGroup;
			children = (
				B707D4262BF3D563005F57C7 /* iQuiz.app */,
				B707D43C2BF3D564005F57C7 /* iQuizTests.xctest */,
				B707D4462BF3D564005F57C7 /* iQuizUITests.xctest */,
			);
			name = Products;
			sourceTree = "<group>";
		};
		B707D4282BF3D563005F57C7 /* iQuiz */ = {
			isa = PBXGroup;
			children = (
				B707D4292BF3D563005F57C7 /* AppDelegate.swift */,
				B78A4D442BF3F7F600D82CB6 /* NetworkManager.swift */,
				B78A4D4C2BF3FF6C00D82CB6 /* Models.swift */,
				B78A4D462BF3F82900D82CB6 /* QuizListViewController.swift */,
				B78A4D482BF3F85700D82CB6 /* QuizDetailViewController.swift */,
				B78A4D4E2BF3FFCD00D82CB6 /* QuestionViewController.swift */,
				B78A4D502BF4028200D82CB6 /* FinishViewController.swift */,
				B78A4D4A2BF3F87B00D82CB6 /* AnswerViewController.swift */,
				B707D42B2BF3D563005F57C7 /* SceneDelegate.swift */,
				B707D42F2BF3D563005F57C7 /* Main.storyboard */,
				B707D4322BF3D564005F57C7 /* Assets.xcassets */,
				B707D4342BF3D564005F57C7 /* LaunchScreen.storyboard */,
				B707D4372BF3D564005F57C7 /* Info.plist */,
			);
			path = iQuiz;
			sourceTree = "<group>";
		};
		B707D43F2BF3D564005F57C7 /* iQuizTests */ = {
			isa = PBXGroup;
			children = (
				B707D4402BF3D564005F57C7 /* iQuizTests.swift */,
			);
			path = iQuizTests;
			sourceTree = "<group>";
		};
		B707D4492BF3D564005F57C7 /* iQuizUITests */ = {
			isa = PBXGroup;
			children = (
				B707D44A2BF3D564005F57C7 /* iQuizUITests.swift */,
				B707D44C2BF3D564005F57C7 /* iQuizUITestsLaunchTests.swift */,
			);
			path = iQuizUITests;
			sourceTree = "<group>";
		};
/* End PBXGroup section */

/* Begin PBXNativeTarget section */
		B707D4252BF3D563005F57C7 /* iQuiz */ = {
			isa = PBXNativeTarget;
			buildConfigurationList = B707D4502BF3D564005F57C7 /* Build configuration list for PBXNativeTarget "iQuiz" */;
			buildPhases = (
				B707D4222BF3D563005F57C7 /* Sources */,
				B707D4232BF3D563005F57C7 /* Frameworks */,
				B707D4242BF3D563005F57C7 /* Resources */,
			);
			buildRules = (
			);
			dependencies = (
			);
			name = iQuiz;
			productName = iQuiz;
			productReference = B707D4262BF3D563005F57C7 /* iQuiz.app */;
			productType = "com.apple.product-type.application";
		};
		B707D43B2BF3D564005F57C7 /* iQuizTests */ = {
			isa = PBXNativeTarget;
			buildConfigurationList = B707D4532BF3D564005F57C7 /* Build configuration list for PBXNativeTarget "iQuizTests" */;
			buildPhases = (
				B707D4382BF3D564005F57C7 /* Sources */,
				B707D4392BF3D564005F57C7 /* Frameworks */,
				B707D43A2BF3D564005F57C7 /* Resources */,
			);
			buildRules = (
			);
			dependencies = (
				B707D43E2BF3D564005F57C7 /* PBXTargetDependency */,
			);
			name = iQuizTests;
			productName = iQuizTests;
			productReference = B707D43C2BF3D564005F57C7 /* iQuizTests.xctest */;
			productType = "com.apple.product-type.bundle.unit-test";
		};
		B707D4452BF3D564005F57C7 /* iQuizUITests */ = {
			isa = PBXNativeTarget;
			buildConfigurationList = B707D4562BF3D564005F57C7 /* Build configuration list for PBXNativeTarget "iQuizUITests" */;
			buildPhases = (
				B707D4422BF3D564005F57C7 /* Sources */,
				B707D4432BF3D564005F57C7 /* Frameworks */,
				B707D4442BF3D564005F57C7 /* Resources */,
			);
			buildRules = (
			);
			dependencies = (
				B707D4482BF3D564005F57C7 /* PBXTargetDependency */,
			);
			name = iQuizUITests;
			productName = iQuizUITests;
			productReference = B707D4462BF3D564005F57C7 /* iQuizUITests.xctest */;
			productType = "com.apple.product-type.bundle.ui-testing";
		};
/* End PBXNativeTarget section */

/* Begin PBXProject section */
		B707D41E2BF3D563005F57C7 /* Project object */ = {
			isa = PBXProject;
			attributes = {
				BuildIndependentTargetsInParallel = 1;
				LastSwiftUpdateCheck = 1540;
				LastUpgradeCheck = 1540;
				TargetAttributes = {
					B707D4252BF3D563005F57C7 = {
						CreatedOnToolsVersion = 15.4;
					};
					B707D43B2BF3D564005F57C7 = {
						CreatedOnToolsVersion = 15.4;
						TestTargetID = B707D4252BF3D563005F57C7;
					};
					B707D4452BF3D564005F57C7 = {
						CreatedOnToolsVersion = 15.4;
						TestTargetID = B707D4252BF3D563005F57C7;
					};
				};
			};
			buildConfigurationList = B707D4212BF3D563005F57C7 /* Build configuration list for PBXProject "iQuiz" */;
			compatibilityVersion = "Xcode 14.0";
			developmentRegion = en;
			hasScannedForEncodings = 0;
			knownRegions = (
				en,
				Base,
			);
			mainGroup = B707D41D2BF3D563005F57C7;
			productRefGroup = B707D4272BF3D563005F57C7 /* Products */;
			projectDirPath = "";
			projectRoot = "";
			targets = (
				B707D4252BF3D563005F57C7 /* iQuiz */,
				B707D43B2BF3D564005F57C7 /* iQuizTests */,
				B707D4452BF3D564005F57C7 /* iQuizUITests */,
			);
		};
/* End PBXProject section */

/* Begin PBXResourcesBuildPhase section */
		B707D4242BF3D563005F57C7 /* Resources */ = {
			isa = PBXResourcesBuildPhase;
			buildActionMask = 2147483647;
			files = (
				B707D4332BF3D564005F57C7 /* Assets.xcassets in Resources */,
				B707D4362BF3D564005F57C7 /* Base in Resources */,
				B707D4312BF3D563005F57C7 /* Base in Resources */,
			);
			runOnlyForDeploymentPostprocessing = 0;
		};
		B707D43A2BF3D564005F57C7 /* Resources */ = {
			isa = PBXResourcesBuildPhase;
			buildActionMask = 2147483647;
			files = (
			);
			runOnlyForDeploymentPostprocessing = 0;
		};
		B707D4442BF3D564005F57C7 /* Resources */ = {
			isa = PBXResourcesBuildPhase;
			buildActionMask = 2147483647;
			files = (
			);
			runOnlyForDeploymentPostprocessing = 0;
		};
/* End PBXResourcesBuildPhase section */

/* Begin PBXSourcesBuildPhase section */
		B707D4222BF3D563005F57C7 /* Sources */ = {
			isa = PBXSourcesBuildPhase;
			buildActionMask = 2147483647;
			files = (
				B78A4D4B2BF3F87B00D82CB6 /* AnswerViewController.swift in Sources */,
				B78A4D452BF3F7F600D82CB6 /* NetworkManager.swift in Sources */,
				B78A4D512BF4028200D82CB6 /* FinishViewController.swift in Sources */,
				B78A4D492BF3F85700D82CB6 /* QuizDetailViewController.swift in Sources */,
				B707D42A2BF3D563005F57C7 /* AppDelegate.swift in Sources */,
				B707D42C2BF3D563005F57C7 /* SceneDelegate.swift in Sources */,
				B78A4D472BF3F82900D82CB6 /* QuizListViewController.swift in Sources */,
				B78A4D4F2BF3FFCD00D82CB6 /* QuestionViewController.swift in Sources */,
				B78A4D4D2BF3FF6C00D82CB6 /* Models.swift in Sources */,
			);
			runOnlyForDeploymentPostprocessing = 0;
		};
		B707D4382BF3D564005F57C7 /* Sources */ = {
			isa = PBXSourcesBuildPhase;
			buildActionMask = 2147483647;
			files = (
				B707D4412BF3D564005F57C7 /* iQuizTests.swift in Sources */,
			);
			runOnlyForDeploymentPostprocessing = 0;
		};
		B707D4422BF3D564005F57C7 /* Sources */ = {
			isa = PBXSourcesBuildPhase;
			buildActionMask = 2147483647;
			files = (
				B707D44B2BF3D564005F57C7 /* iQuizUITests.swift in Sources */,
				B707D44D2BF3D564005F57C7 /* iQuizUITestsLaunchTests.swift in Sources */,
			);
			runOnlyForDeploymentPostprocessing = 0;
		};
/* End PBXSourcesBuildPhase section */

/* Begin PBXTargetDependency section */
		B707D43E2BF3D564005F57C7 /* PBXTargetDependency */ = {
			isa = PBXTargetDependency;
			target = B707D4252BF3D563005F57C7 /* iQuiz */;
			targetProxy = B707D43D2BF3D564005F57C7 /* PBXContainerItemProxy */;
		};
		B707D4482BF3D564005F57C7 /* PBXTargetDependency */ = {
			isa = PBXTargetDependency;
			target = B707D4252BF3D563005F57C7 /* iQuiz */;
			targetProxy = B707D4472BF3D564005F57C7 /* PBXContainerItemProxy */;
		};
/* End PBXTargetDependency section */

/* Begin PBXVariantGroup section */
		B707D42F2BF3D563005F57C7 /* Main.storyboard */ = {
			isa = PBXVariantGroup;
			children = (
				B707D4302BF3D563005F57C7 /* Base */,
			);
			name = Main.storyboard;
			sourceTree = "<group>";
		};
		B707D4342BF3D564005F57C7 /* LaunchScreen.storyboard */ = {
			isa = PBXVariantGroup;
			children = (
				B707D4352BF3D564005F57C7 /* Base */,
			);
			name = LaunchScreen.storyboard;
			sourceTree = "<group>";
		};
/* End PBXVariantGroup section */

/* Begin XCBuildConfiguration section */
		B707D44E2BF3D564005F57C7 /* Debug */ = {
			isa = XCBuildConfiguration;
			buildSettings = {
				ALWAYS_SEARCH_USER_PATHS = NO;
				ASSETCATALOG_COMPILER_GENERATE_SWIFT_ASSET_SYMBOL_EXTENSIONS = YES;
				CLANG_ANALYZER_NONNULL = YES;
				CLANG_ANALYZER_NUMBER_OBJECT_CONVERSION = YES_AGGRESSIVE;
				CLANG_CXX_LANGUAGE_STANDARD = "gnu++20";
				CLANG_ENABLE_MODULES = YES;
				CLANG_ENABLE_OBJC_ARC = YES;
				CLANG_ENABLE_OBJC_WEAK = YES;
				CLANG_WARN_BLOCK_CAPTURE_AUTORELEASING = YES;
				CLANG_WARN_BOOL_CONVERSION = YES;
				CLANG_WARN_COMMA = YES;
				CLANG_WARN_CONSTANT_CONVERSION = YES;
				CLANG_WARN_DEPRECATED_OBJC_IMPLEMENTATIONS = YES;
				CLANG_WARN_DIRECT_OBJC_ISA_USAGE = YES_ERROR;
				CLANG_WARN_DOCUMENTATION_COMMENTS = YES;
				CLANG_WARN_EMPTY_BODY = YES;
				CLANG_WARN_ENUM_CONVERSION = YES;
				CLANG_WARN_INFINITE_RECURSION = YES;
				CLANG_WARN_INT_CONVERSION = YES;
				CLANG_WARN_NON_LITERAL_NULL_CONVERSION = YES;
				CLANG_WARN_OBJC_IMPLICIT_RETAIN_SELF = YES;
				CLANG_WARN_OBJC_LITERAL_CONVERSION = YES;
				CLANG_WARN_OBJC_ROOT_CLASS = YES_ERROR;
				CLANG_WARN_QUOTED_INCLUDE_IN_FRAMEWORK_HEADER = YES;
				CLANG_WARN_RANGE_LOOP_ANALYSIS = YES;
				CLANG_WARN_STRICT_PROTOTYPES = YES;
				CLANG_WARN_SUSPICIOUS_MOVE = YES;
				CLANG_WARN_UNGUARDED_AVAILABILITY = YES_AGGRESSIVE;
				CLANG_WARN_UNREACHABLE_CODE = YES;
				CLANG_WARN__DUPLICATE_METHOD_MATCH = YES;
				COPY_PHASE_STRIP = NO;
				DEBUG_INFORMATION_FORMAT = dwarf;
				ENABLE_STRICT_OBJC_MSGSEND = YES;
				ENABLE_TESTABILITY = YES;
				ENABLE_USER_SCRIPT_SANDBOXING = YES;
				GCC_C_LANGUAGE_STANDARD = gnu17;
				GCC_DYNAMIC_NO_PIC = NO;
				GCC_NO_COMMON_BLOCKS = YES;
				GCC_OPTIMIZATION_LEVEL = 0;
				GCC_PREPROCESSOR_DEFINITIONS = (
					"DEBUG=1",
					"$(inherited)",
				);
				GCC_WARN_64_TO_32_BIT_CONVERSION = YES;
				GCC_WARN_ABOUT_RETURN_TYPE = YES_ERROR;
				GCC_WARN_UNDECLARED_SELECTOR = YES;
				GCC_WARN_UNINITIALIZED_AUTOS = YES_AGGRESSIVE;
				GCC_WARN_UNUSED_FUNCTION = YES;
				GCC_WARN_UNUSED_VARIABLE = YES;
				IPHONEOS_DEPLOYMENT_TARGET = 17.5;
				LOCALIZATION_PREFERS_STRING_CATALOGS = YES;
				MTL_ENABLE_DEBUG_INFO = INCLUDE_SOURCE;
				MTL_FAST_MATH = YES;
				ONLY_ACTIVE_ARCH = YES;
				SDKROOT = iphoneos;
				SWIFT_ACTIVE_COMPILATION_CONDITIONS = "DEBUG $(inherited)";
				SWIFT_OPTIMIZATION_LEVEL = "-Onone";
			};
			name = Debug;
		};
		B707D44F2BF3D564005F57C7 /* Release */ = {
			isa = XCBuildConfiguration;
			buildSettings = {
				ALWAYS_SEARCH_USER_PATHS = NO;
				ASSETCATALOG_COMPILER_GENERATE_SWIFT_ASSET_SYMBOL_EXTENSIONS = YES;
				CLANG_ANALYZER_NONNULL = YES;
				CLANG_ANALYZER_NUMBER_OBJECT_CONVERSION = YES_AGGRESSIVE;
				CLANG_CXX_LANGUAGE_STANDARD = "gnu++20";
				CLANG_ENABLE_MODULES = YES;
				CLANG_ENABLE_OBJC_ARC = YES;
				CLANG_ENABLE_OBJC_WEAK = YES;
				CLANG_WARN_BLOCK_CAPTURE_AUTORELEASING = YES;
				CLANG_WARN_BOOL_CONVERSION = YES;
				CLANG_WARN_COMMA = YES;
				CLANG_WARN_CONSTANT_CONVERSION = YES;
				CLANG_WARN_DEPRECATED_OBJC_IMPLEMENTATIONS = YES;
				CLANG_WARN_DIRECT_OBJC_ISA_USAGE = YES_ERROR;
				CLANG_WARN_DOCUMENTATION_COMMENTS = YES;
				CLANG_WARN_EMPTY_BODY = YES;
				CLANG_WARN_ENUM_CONVERSION = YES;
				CLANG_WARN_INFINITE_RECURSION = YES;
				CLANG_WARN_INT_CONVERSION = YES;
				CLANG_WARN_NON_LITERAL_NULL_CONVERSION = YES;
				CLANG_WARN_OBJC_IMPLICIT_RETAIN_SELF = YES;
				CLANG_WARN_OBJC_LITERAL_CONVERSION = YES;
				CLANG_WARN_OBJC_ROOT_CLASS = YES_ERROR;
				CLANG_WARN_QUOTED_INCLUDE_IN_FRAMEWORK_HEADER = YES;
				CLANG_WARN_RANGE_LOOP_ANALYSIS = YES;
				CLANG_WARN_STRICT_PROTOTYPES = YES;
				CLANG_WARN_SUSPICIOUS_MOVE = YES;
				CLANG_WARN_UNGUARDED_AVAILABILITY = YES_AGGRESSIVE;
				CLANG_WARN_UNREACHABLE_CODE = YES;
				CLANG_WARN__DUPLICATE_METHOD_MATCH = YES;
				COPY_PHASE_STRIP = NO;
				DEBUG_INFORMATION_FORMAT = "dwarf-with-dsym";
				ENABLE_NS_ASSERTIONS = NO;
				ENABLE_STRICT_OBJC_MSGSEND = YES;
				ENABLE_USER_SCRIPT_SANDBOXING = YES;
				GCC_C_LANGUAGE_STANDARD = gnu17;
				GCC_NO_COMMON_BLOCKS = YES;
				GCC_WARN_64_TO_32_BIT_CONVERSION = YES;
				GCC_WARN_ABOUT_RETURN_TYPE = YES_ERROR;
				GCC_WARN_UNDECLARED_SELECTOR = YES;
				GCC_WARN_UNINITIALIZED_AUTOS = YES_AGGRESSIVE;
				GCC_WARN_UNUSED_FUNCTION = YES;
				GCC_WARN_UNUSED_VARIABLE = YES;
				IPHONEOS_DEPLOYMENT_TARGET = 17.5;
				LOCALIZATION_PREFERS_STRING_CATALOGS = YES;
				MTL_ENABLE_DEBUG_INFO = NO;
				MTL_FAST_MATH = YES;
				SDKROOT = iphoneos;
				SWIFT_COMPILATION_MODE = wholemodule;
				VALIDATE_PRODUCT = YES;
			};
			name = Release;
		};
		B707D4512BF3D564005F57C7 /* Debug */ = {
			isa = XCBuildConfiguration;
			buildSettings = {
				ASSETCATALOG_COMPILER_APPICON_NAME = AppIcon;
				ASSETCATALOG_COMPILER_GLOBAL_ACCENT_COLOR_NAME = AccentColor;
				CODE_SIGN_STYLE = Automatic;
				CURRENT_PROJECT_VERSION = 1;
				DEVELOPMENT_TEAM = 89H77Z6NRT;
				GENERATE_INFOPLIST_FILE = YES;
				INFOPLIST_FILE = iQuiz/Info.plist;
				INFOPLIST_KEY_UIApplicationSupportsIndirectInputEvents = YES;
				INFOPLIST_KEY_UILaunchStoryboardName = LaunchScreen;
				INFOPLIST_KEY_UIMainStoryboardFile = Main;
				INFOPLIST_KEY_UISupportedInterfaceOrientations_iPad = "UIInterfaceOrientationPortrait UIInterfaceOrientationPortraitUpsideDown UIInterfaceOrientationLandscapeLeft UIInterfaceOrientationLandscapeRight";
				INFOPLIST_KEY_UISupportedInterfaceOrientations_iPhone = "UIInterfaceOrientationPortrait UIInterfaceOrientationLandscapeLeft UIInterfaceOrientationLandscapeRight";
				LD_RUNPATH_SEARCH_PATHS = (
					"$(inherited)",
					"@executable_path/Frameworks",
				);
				MARKETING_VERSION = 1.0;
				PRODUCT_BUNDLE_IDENTIFIER = edu.uw.ischool.hoangn4.iQuiz;
				PRODUCT_NAME = "$(TARGET_NAME)";
				SWIFT_EMIT_LOC_STRINGS = YES;
				SWIFT_VERSION = 5.0;
				TARGETED_DEVICE_FAMILY = "1,2";
			};
			name = Debug;
		};
		B707D4522BF3D564005F57C7 /* Release */ = {
			isa = XCBuildConfiguration;
			buildSettings = {
				ASSETCATALOG_COMPILER_APPICON_NAME = AppIcon;
				ASSETCATALOG_COMPILER_GLOBAL_ACCENT_COLOR_NAME = AccentColor;
				CODE_SIGN_STYLE = Automatic;
				CURRENT_PROJECT_VERSION = 1;
				DEVELOPMENT_TEAM = 89H77Z6NRT;
				GENERATE_INFOPLIST_FILE = YES;
				INFOPLIST_FILE = iQuiz/Info.plist;
				INFOPLIST_KEY_UIApplicationSupportsIndirectInputEvents = YES;
				INFOPLIST_KEY_UILaunchStoryboardName = LaunchScreen;
				INFOPLIST_KEY_UIMainStoryboardFile = Main;
				INFOPLIST_KEY_UISupportedInterfaceOrientations_iPad = "UIInterfaceOrientationPortrait UIInterfaceOrientationPortraitUpsideDown UIInterfaceOrientationLandscapeLeft UIInterfaceOrientationLandscapeRight";
				INFOPLIST_KEY_UISupportedInterfaceOrientations_iPhone = "UIInterfaceOrientationPortrait UIInterfaceOrientationLandscapeLeft UIInterfaceOrientationLandscapeRight";
				LD_RUNPATH_SEARCH_PATHS = (
					"$(inherited)",
					"@executable_path/Frameworks",
				);
				MARKETING_VERSION = 1.0;
				PRODUCT_BUNDLE_IDENTIFIER = edu.uw.ischool.hoangn4.iQuiz;
				PRODUCT_NAME = "$(TARGET_NAME)";
				SWIFT_EMIT_LOC_STRINGS = YES;
				SWIFT_VERSION = 5.0;
				TARGETED_DEVICE_FAMILY = "1,2";
			};
			name = Release;
		};
		B707D4542BF3D564005F57C7 /* Debug */ = {
			isa = XCBuildConfiguration;
			buildSettings = {
				ALWAYS_EMBED_SWIFT_STANDARD_LIBRARIES = YES;
				BUNDLE_LOADER = "$(TEST_HOST)";
				CODE_SIGN_STYLE = Automatic;
				CURRENT_PROJECT_VERSION = 1;
				DEVELOPMENT_TEAM = 89H77Z6NRT;
				GENERATE_INFOPLIST_FILE = YES;
				IPHONEOS_DEPLOYMENT_TARGET = 17.5;
				MARKETING_VERSION = 1.0;
				PRODUCT_BUNDLE_IDENTIFIER = edu.uw.ischool.hoangn4.iQuizTests;
				PRODUCT_NAME = "$(TARGET_NAME)";
				SWIFT_EMIT_LOC_STRINGS = NO;
				SWIFT_VERSION = 5.0;
				TARGETED_DEVICE_FAMILY = "1,2";
				TEST_HOST = "$(BUILT_PRODUCTS_DIR)/iQuiz.app/$(BUNDLE_EXECUTABLE_FOLDER_PATH)/iQuiz";
			};
			name = Debug;
		};
		B707D4552BF3D564005F57C7 /* Release */ = {
			isa = XCBuildConfiguration;
			buildSettings = {
				ALWAYS_EMBED_SWIFT_STANDARD_LIBRARIES = YES;
				BUNDLE_LOADER = "$(TEST_HOST)";
				CODE_SIGN_STYLE = Automatic;
				CURRENT_PROJECT_VERSION = 1;
				DEVELOPMENT_TEAM = 89H77Z6NRT;
				GENERATE_INFOPLIST_FILE = YES;
				IPHONEOS_DEPLOYMENT_TARGET = 17.5;
				MARKETING_VERSION = 1.0;
				PRODUCT_BUNDLE_IDENTIFIER = edu.uw.ischool.hoangn4.iQuizTests;
				PRODUCT_NAME = "$(TARGET_NAME)";
				SWIFT_EMIT_LOC_STRINGS = NO;
				SWIFT_VERSION = 5.0;
				TARGETED_DEVICE_FAMILY = "1,2";
				TEST_HOST = "$(BUILT_PRODUCTS_DIR)/iQuiz.app/$(BUNDLE_EXECUTABLE_FOLDER_PATH)/iQuiz";
			};
			name = Release;
		};
		B707D4572BF3D564005F57C7 /* Debug */ = {
			isa = XCBuildConfiguration;
			buildSettings = {
				ALWAYS_EMBED_SWIFT_STANDARD_LIBRARIES = YES;
				CODE_SIGN_STYLE = Automatic;
				CURRENT_PROJECT_VERSION = 1;
				DEVELOPMENT_TEAM = 89H77Z6NRT;
				GENERATE_INFOPLIST_FILE = YES;
				MARKETING_VERSION = 1.0;
				PRODUCT_BUNDLE_IDENTIFIER = edu.uw.ischool.hoangn4.iQuizUITests;
				PRODUCT_NAME = "$(TARGET_NAME)";
				SWIFT_EMIT_LOC_STRINGS = NO;
				SWIFT_VERSION = 5.0;
				TARGETED_DEVICE_FAMILY = "1,2";
				TEST_TARGET_NAME = iQuiz;
			};
			name = Debug;
		};
		B707D4582BF3D564005F57C7 /* Release */ = {
			isa = XCBuildConfiguration;
			buildSettings = {
				ALWAYS_EMBED_SWIFT_STANDARD_LIBRARIES = YES;
				CODE_SIGN_STYLE = Automatic;
				CURRENT_PROJECT_VERSION = 1;
				DEVELOPMENT_TEAM = 89H77Z6NRT;
				GENERATE_INFOPLIST_FILE = YES;
				MARKETING_VERSION = 1.0;
				PRODUCT_BUNDLE_IDENTIFIER = edu.uw.ischool.hoangn4.iQuizUITests;
				PRODUCT_NAME = "$(TARGET_NAME)";
				SWIFT_EMIT_LOC_STRINGS = NO;
				SWIFT_VERSION = 5.0;
				TARGETED_DEVICE_FAMILY = "1,2";
				TEST_TARGET_NAME = iQuiz;
			};
			name = Release;
		};
/* End XCBuildConfiguration section */

/* Begin XCConfigurationList section */
		B707D4212BF3D563005F57C7 /* Build configuration list for PBXProject "iQuiz" */ = {
			isa = XCConfigurationList;
			buildConfigurations = (
				B707D44E2BF3D564005F57C7 /* Debug */,
				B707D44F2BF3D564005F57C7 /* Release */,
			);
			defaultConfigurationIsVisible = 0;
			defaultConfigurationName = Release;
		};
		B707D4502BF3D564005F57C7 /* Build configuration list for PBXNativeTarget "iQuiz" */ = {
			isa = XCConfigurationList;
			buildConfigurations = (
				B707D4512BF3D564005F57C7 /* Debug */,
				B707D4522BF3D564005F57C7 /* Release */,
			);
			defaultConfigurationIsVisible = 0;
			defaultConfigurationName = Release;
		};
		B707D4532BF3D564005F57C7 /* Build configuration list for PBXNativeTarget "iQuizTests" */ = {
			isa = XCConfigurationList;
			buildConfigurations = (
				B707D4542BF3D564005F57C7 /* Debug */,
				B707D4552BF3D564005F57C7 /* Release */,
			);
			defaultConfigurationIsVisible = 0;
			defaultConfigurationName = Release;
		};
		B707D4562BF3D564005F57C7 /* Build configuration list for PBXNativeTarget "iQuizUITests" */ = {
			isa = XCConfigurationList;
			buildConfigurations = (
				B707D4572BF3D564005F57C7 /* Debug */,
				B707D4582BF3D564005F57C7 /* Release */,
			);
			defaultConfigurationIsVisible = 0;
			defaultConfigurationName = Release;
		};
/* End XCConfigurationList section */
	};
	rootObject = B707D41E2BF3D563005F57C7 /* Project object */;
}
